// !$*UTF8*$!
{
	archiveVersion = 1;
	classes = {
	};
	objectVersion = 56;
	objects = {

/* Begin PBXBuildFile section */
		0EE6B1852A29DB1D00EB054B /* AppDelegate.swift in Sources */ = {isa = PBXBuildFile; fileRef = 0EE6B1842A29DB1D00EB054B /* AppDelegate.swift */; };
		0EE6B1872A29DB1D00EB054B /* SceneDelegate.swift in Sources */ = {isa = PBXBuildFile; fileRef = 0EE6B1862A29DB1D00EB054B /* SceneDelegate.swift */; };
		0EE6B1892A29DB1D00EB054B /* ViewController.swift in Sources */ = {isa = PBXBuildFile; fileRef = 0EE6B1882A29DB1D00EB054B /* ViewController.swift */; };
		0EE6B18E2A29DB1F00EB054B /* Assets.xcassets in Resources */ = {isa = PBXBuildFile; fileRef = 0EE6B18D2A29DB1F00EB054B /* Assets.xcassets */; };
		0EE6B1912A29DB1F00EB054B /* LaunchScreen.storyboard in Resources */ = {isa = PBXBuildFile; fileRef = 0EE6B18F2A29DB1F00EB054B /* LaunchScreen.storyboard */; };
		499A1CCC6C0B616ABEB59FAD /* Pods_TestIOSSecuritySuite.framework in Frameworks */ = {isa = PBXBuildFile; fileRef = A51A32F2635D364B9F677A73 /* Pods_TestIOSSecuritySuite.framework */; };
/* End PBXBuildFile section */

/* Begin PBXFileReference section */
		0EE6B1812A29DB1D00EB054B /* TestIOSSecuritySuite.app */ = {isa = PBXFileReference; explicitFileType = wrapper.application; includeInIndex = 0; path = TestIOSSecuritySuite.app; sourceTree = BUILT_PRODUCTS_DIR; };
		0EE6B1842A29DB1D00EB054B /* AppDelegate.swift */ = {isa = PBXFileReference; lastKnownFileType = sourcecode.swift; path = AppDelegate.swift; sourceTree = "<group>"; };
		0EE6B1862A29DB1D00EB054B /* SceneDelegate.swift */ = {isa = PBXFileReference; lastKnownFileType = sourcecode.swift; path = SceneDelegate.swift; sourceTree = "<group>"; };
		0EE6B1882A29DB1D00EB054B /* ViewController.swift */ = {isa = PBXFileReference; lastKnownFileType = sourcecode.swift; path = ViewController.swift; sourceTree = "<group>"; };
		0EE6B18D2A29DB1F00EB054B /* Assets.xcassets */ = {isa = PBXFileReference; lastKnownFileType = folder.assetcatalog; path = Assets.xcassets; sourceTree = "<group>"; };
		0EE6B1902A29DB1F00EB054B /* Base */ = {isa = PBXFileReference; lastKnownFileType = file.storyboard; name = Base; path = Base.lproj/LaunchScreen.storyboard; sourceTree = "<group>"; };
		0EE6B1922A29DB1F00EB054B /* Info.plist */ = {isa = PBXFileReference; lastKnownFileType = text.plist.xml; path = Info.plist; sourceTree = "<group>"; };
		5B0F4019ADB0BA90B2E59B3E /* Pods-TestIOSSecuritySuite.release.xcconfig */ = {isa = PBXFileReference; includeInIndex = 1; lastKnownFileType = text.xcconfig; name = "Pods-TestIOSSecuritySuite.release.xcconfig"; path = "Target Support Files/Pods-TestIOSSecuritySuite/Pods-TestIOSSecuritySuite.release.xcconfig"; sourceTree = "<group>"; };
		8959F3C225EC0944CE0DD630 /* Pods-TestIOSSecuritySuite.debug.xcconfig */ = {isa = PBXFileReference; includeInIndex = 1; lastKnownFileType = text.xcconfig; name = "Pods-TestIOSSecuritySuite.debug.xcconfig"; path = "Target Support Files/Pods-TestIOSSecuritySuite/Pods-TestIOSSecuritySuite.debug.xcconfig"; sourceTree = "<group>"; };
		A51A32F2635D364B9F677A73 /* Pods_TestIOSSecuritySuite.framework */ = {isa = PBXFileReference; explicitFileType = wrapper.framework; includeInIndex = 0; path = Pods_TestIOSSecuritySuite.framework; sourceTree = BUILT_PRODUCTS_DIR; };
/* End PBXFileReference section */

/* Begin PBXFrameworksBuildPhase section */
		0EE6B17E2A29DB1D00EB054B /* Frameworks */ = {
			isa = PBXFrameworksBuildPhase;
			buildActionMask = 2147483647;
			files = (
				499A1CCC6C0B616ABEB59FAD /* Pods_TestIOSSecuritySuite.framework in Frameworks */,
			);
			runOnlyForDeploymentPostprocessing = 0;
		};
/* End PBXFrameworksBuildPhase section */

/* Begin PBXGroup section */
		0EE6B1782A29DB1D00EB054B = {
			isa = PBXGroup;
			children = (
				0EE6B1832A29DB1D00EB054B /* TestIOSSecuritySuite */,
				0EE6B1822A29DB1D00EB054B /* Products */,
				1740845C20921643941A7A81 /* Pods */,
				DC12A4F93EB47CCFA9045F7D /* Frameworks */,
			);
			sourceTree = "<group>";
		};
		0EE6B1822A29DB1D00EB054B /* Products */ = {
			isa = PBXGroup;
			children = (
				0EE6B1812A29DB1D00EB054B /* TestIOSSecuritySuite.app */,
			);
			name = Products;
			sourceTree = "<group>";
		};
		0EE6B1832A29DB1D00EB054B /* TestIOSSecuritySuite */ = {
			isa = PBXGroup;
			children = (
				0EE6B1842A29DB1D00EB054B /* AppDelegate.swift */,
				0EE6B1862A29DB1D00EB054B /* SceneDelegate.swift */,
				0EE6B1882A29DB1D00EB054B /* ViewController.swift */,
				0EE6B18D2A29DB1F00EB054B /* Assets.xcassets */,
				0EE6B18F2A29DB1F00EB054B /* LaunchScreen.storyboard */,
				0EE6B1922A29DB1F00EB054B /* Info.plist */,
			);
			path = TestIOSSecuritySuite;
			sourceTree = "<group>";
		};
		1740845C20921643941A7A81 /* Pods */ = {
			isa = PBXGroup;
			children = (
				8959F3C225EC0944CE0DD630 /* Pods-TestIOSSecuritySuite.debug.xcconfig */,
				5B0F4019ADB0BA90B2E59B3E /* Pods-TestIOSSecuritySuite.release.xcconfig */,
			);
			name = Pods;
			path = Pods;
			sourceTree = "<group>";
		};
		DC12A4F93EB47CCFA9045F7D /* Frameworks */ = {
			isa = PBXGroup;
			children = (
				A51A32F2635D364B9F677A73 /* Pods_TestIOSSecuritySuite.framework */,
			);
			name = Frameworks;
			sourceTree = "<group>";
		};
/* End PBXGroup section */

/* Begin PBXNativeTarget section */
		0EE6B1802A29DB1D00EB054B /* TestIOSSecuritySuite */ = {
			isa = PBXNativeTarget;
			buildConfigurationList = 0EE6B1952A29DB1F00EB054B /* Build configuration list for PBXNativeTarget "TestIOSSecuritySuite" */;
			buildPhases = (
				10F080A976DEE7F1757FAF5C /* [CP] Check Pods Manifest.lock */,
				0EE6B17D2A29DB1D00EB054B /* Sources */,
				0EE6B17E2A29DB1D00EB054B /* Frameworks */,
				0EE6B17F2A29DB1D00EB054B /* Resources */,
				6214922B3AC90E12C2062006 /* [CP] Embed Pods Frameworks */,
			);
			buildRules = (
			);
			dependencies = (
			);
			name = TestIOSSecuritySuite;
			productName = TestIOSSecuritySuite;
			productReference = 0EE6B1812A29DB1D00EB054B /* TestIOSSecuritySuite.app */;
			productType = "com.apple.product-type.application";
		};
/* End PBXNativeTarget section */

/* Begin PBXProject section */
		0EE6B1792A29DB1D00EB054B /* Project object */ = {
			isa = PBXProject;
			attributes = {
				BuildIndependentTargetsInParallel = 1;
				LastSwiftUpdateCheck = 1430;
				LastUpgradeCheck = 1430;
				TargetAttributes = {
					0EE6B1802A29DB1D00EB054B = {
						CreatedOnToolsVersion = 14.3;
					};
				};
			};
			buildConfigurationList = 0EE6B17C2A29DB1D00EB054B /* Build configuration list for PBXProject "TestIOSSecuritySuite" */;
			compatibilityVersion = "Xcode 14.0";
			developmentRegion = en;
			hasScannedForEncodings = 0;
			knownRegions = (
				en,
				Base,
			);
			mainGroup = 0EE6B1782A29DB1D00EB054B;
			productRefGroup = 0EE6B1822A29DB1D00EB054B /* Products */;
			projectDirPath = "";
			projectRoot = "";
			targets = (
				0EE6B1802A29DB1D00EB054B /* TestIOSSecuritySuite */,
			);
		};
/* End PBXProject section */

/* Begin PBXResourcesBuildPhase section */
		0EE6B17F2A29DB1D00EB054B /* Resources */ = {
			isa = PBXResourcesBuildPhase;
			buildActionMask = 2147483647;
			files = (
				0EE6B1912A29DB1F00EB054B /* LaunchScreen.storyboard in Resources */,
				0EE6B18E2A29DB1F00EB054B /* Assets.xcassets in Resources */,
			);
			runOnlyForDeploymentPostprocessing = 0;
		};
/* End PBXResourcesBuildPhase section */

/* Begin PBXShellScriptBuildPhase section */
		10F080A976DEE7F1757FAF5C /* [CP] Check Pods Manifest.lock */ = {
			isa = PBXShellScriptBuildPhase;
			buildActionMask = 2147483647;
			files = (
			);
			inputFileListPaths = (
			);
			inputPaths = (
				"${PODS_PODFILE_DIR_PATH}/Podfile.lock",
				"${PODS_ROOT}/Manifest.lock",
			);
			name = "[CP] Check Pods Manifest.lock";
			outputFileListPaths = (
			);
			outputPaths = (
				"$(DERIVED_FILE_DIR)/Pods-TestIOSSecuritySuite-checkManifestLockResult.txt",
			);
			runOnlyForDeploymentPostprocessing = 0;
			shellPath = /bin/sh;
			shellScript = "diff \"${PODS_PODFILE_DIR_PATH}/Podfile.lock\" \"${PODS_ROOT}/Manifest.lock\" > /dev/null\nif [ $? != 0 ] ; then\n    # print error to STDERR\n    echo \"error: The sandbox is not in sync with the Podfile.lock. Run 'pod install' or update your CocoaPods installation.\" >&2\n    exit 1\nfi\n# This output is used by Xcode 'outputs' to avoid re-running this script phase.\necho \"SUCCESS\" > \"${SCRIPT_OUTPUT_FILE_0}\"\n";
			showEnvVarsInLog = 0;
		};
		6214922B3AC90E12C2062006 /* [CP] Embed Pods Frameworks */ = {
			isa = PBXShellScriptBuildPhase;
			buildActionMask = 2147483647;
			files = (
			);
			inputFileListPaths = (
				"${PODS_ROOT}/Target Support Files/Pods-TestIOSSecuritySuite/Pods-TestIOSSecuritySuite-frameworks-${CONFIGURATION}-input-files.xcfilelist",
			);
			name = "[CP] Embed Pods Frameworks";
			outputFileListPaths = (
				"${PODS_ROOT}/Target Support Files/Pods-TestIOSSecuritySuite/Pods-TestIOSSecuritySuite-frameworks-${CONFIGURATION}-output-files.xcfilelist",
			);
			runOnlyForDeploymentPostprocessing = 0;
			shellPath = /bin/sh;
			shellScript = "\"${PODS_ROOT}/Target Support Files/Pods-TestIOSSecuritySuite/Pods-TestIOSSecuritySuite-frameworks.sh\"\n";
			showEnvVarsInLog = 0;
		};
/* End PBXShellScriptBuildPhase section */

/* Begin PBXSourcesBuildPhase section */
		0EE6B17D2A29DB1D00EB054B /* Sources */ = {
			isa = PBXSourcesBuildPhase;
			buildActionMask = 2147483647;
			files = (
				0EE6B1892A29DB1D00EB054B /* ViewController.swift in Sources */,
				0EE6B1852A29DB1D00EB054B /* AppDelegate.swift in Sources */,
				0EE6B1872A29DB1D00EB054B /* SceneDelegate.swift in Sources */,
			);
			runOnlyForDeploymentPostprocessing = 0;
		};
/* End PBXSourcesBuildPhase section */

/* Begin PBXVariantGroup section */
		0EE6B18F2A29DB1F00EB054B /* LaunchScreen.storyboard */ = {
			isa = PBXVariantGroup;
			children = (
				0EE6B1902A29DB1F00EB054B /* Base */,
			);
			name = LaunchScreen.storyboard;
			sourceTree = "<group>";
		};
/* End PBXVariantGroup section */

/* Begin XCBuildConfiguration section */
		0EE6B1932A29DB1F00EB054B /* Debug */ = {
			isa = XCBuildConfiguration;
			buildSettings = {
				ALWAYS_SEARCH_USER_PATHS = NO;
				CLANG_ANALYZER_NONNULL = YES;
				CLANG_ANALYZER_NUMBER_OBJECT_CONVERSION = YES_AGGRESSIVE;
				CLANG_CXX_LANGUAGE_STANDARD = "gnu++20";
				CLANG_ENABLE_MODULES = YES;
				CLANG_ENABLE_OBJC_ARC = YES;
				CLANG_ENABLE_OBJC_WEAK = YES;
				CLANG_WARN_BLOCK_CAPTURE_AUTORELEASING = YES;
				CLANG_WARN_BOOL_CONVERSION = YES;
				CLANG_WARN_COMMA = YES;
				CLANG_WARN_CONSTANT_CONVERSION = YES;
				CLANG_WARN_DEPRECATED_OBJC_IMPLEMENTATIONS = YES;
				CLANG_WARN_DIRECT_OBJC_ISA_USAGE = YES_ERROR;
				CLANG_WARN_DOCUMENTATION_COMMENTS = YES;
				CLANG_WARN_EMPTY_BODY = YES;
				CLANG_WARN_ENUM_CONVERSION = YES;
				CLANG_WARN_INFINITE_RECURSION = YES;
				CLANG_WARN_INT_CONVERSION = YES;
				CLANG_WARN_NON_LITERAL_NULL_CONVERSION = YES;
				CLANG_WARN_OBJC_IMPLICIT_RETAIN_SELF = YES;
				CLANG_WARN_OBJC_LITERAL_CONVERSION = YES;
				CLANG_WARN_OBJC_ROOT_CLASS = YES_ERROR;
				CLANG_WARN_QUOTED_INCLUDE_IN_FRAMEWORK_HEADER = YES;
				CLANG_WARN_RANGE_LOOP_ANALYSIS = YES;
				CLANG_WARN_STRICT_PROTOTYPES = YES;
				CLANG_WARN_SUSPICIOUS_MOVE = YES;
				CLANG_WARN_UNGUARDED_AVAILABILITY = YES_AGGRESSIVE;
				CLANG_WARN_UNREACHABLE_CODE = YES;
				CLANG_WARN__DUPLICATE_METHOD_MATCH = YES;
				COPY_PHASE_STRIP = NO;
				DEBUG_INFORMATION_FORMAT = dwarf;
				ENABLE_STRICT_OBJC_MSGSEND = YES;
				ENABLE_TESTABILITY = YES;
				GCC_C_LANGUAGE_STANDARD = gnu11;
				GCC_DYNAMIC_NO_PIC = NO;
				GCC_NO_COMMON_BLOCKS = YES;
				GCC_OPTIMIZATION_LEVEL = 0;
				GCC_PREPROCESSOR_DEFINITIONS = (
					"DEBUG=1",
					"$(inherited)",
				);
				GCC_WARN_64_TO_32_BIT_CONVERSION = YES;
				GCC_WARN_ABOUT_RETURN_TYPE = YES_ERROR;
				GCC_WARN_UNDECLARED_SELECTOR = YES;
				GCC_WARN_UNINITIALIZED_AUTOS = YES_AGGRESSIVE;
				GCC_WARN_UNUSED_FUNCTION = YES;
				GCC_WARN_UNUSED_VARIABLE = YES;
				IPHONEOS_DEPLOYMENT_TARGET = 16.4;
				MTL_ENABLE_DEBUG_INFO = INCLUDE_SOURCE;
				MTL_FAST_MATH = YES;
				ONLY_ACTIVE_ARCH = YES;
				SDKROOT = iphoneos;
				SWIFT_ACTIVE_COMPILATION_CONDITIONS = DEBUG;
				SWIFT_OPTIMIZATION_LEVEL = "-Onone";
			};
			name = Debug;
		};
		0EE6B1942A29DB1F00EB054B /* Release */ = {
			isa = XCBuildConfiguration;
			buildSettings = {
				ALWAYS_SEARCH_USER_PATHS = NO;
				CLANG_ANALYZER_NONNULL = YES;
				CLANG_ANALYZER_NUMBER_OBJECT_CONVERSION = YES_AGGRESSIVE;
				CLANG_CXX_LANGUAGE_STANDARD = "gnu++20";
				CLANG_ENABLE_MODULES = YES;
				CLANG_ENABLE_OBJC_ARC = YES;
				CLANG_ENABLE_OBJC_WEAK = YES;
				CLANG_WARN_BLOCK_CAPTURE_AUTORELEASING = YES;
				CLANG_WARN_BOOL_CONVERSION = YES;
				CLANG_WARN_COMMA = YES;
				CLANG_WARN_CONSTANT_CONVERSION = YES;
				CLANG_WARN_DEPRECATED_OBJC_IMPLEMENTATIONS = YES;
				CLANG_WARN_DIRECT_OBJC_ISA_USAGE = YES_ERROR;
				CLANG_WARN_DOCUMENTATION_COMMENTS = YES;
				CLANG_WARN_EMPTY_BODY = YES;
				CLANG_WARN_ENUM_CONVERSION = YES;
				CLANG_WARN_INFINITE_RECURSION = YES;
				CLANG_WARN_INT_CONVERSION = YES;
				CLANG_WARN_NON_LITERAL_NULL_CONVERSION = YES;
				CLANG_WARN_OBJC_IMPLICIT_RETAIN_SELF = YES;
				CLANG_WARN_OBJC_LITERAL_CONVERSION = YES;
				CLANG_WARN_OBJC_ROOT_CLASS = YES_ERROR;
				CLANG_WARN_QUOTED_INCLUDE_IN_FRAMEWORK_HEADER = YES;
				CLANG_WARN_RANGE_LOOP_ANALYSIS = YES;
				CLANG_WARN_STRICT_PROTOTYPES = YES;
				CLANG_WARN_SUSPICIOUS_MOVE = YES;
				CLANG_WARN_UNGUARDED_AVAILABILITY = YES_AGGRESSIVE;
				CLANG_WARN_UNREACHABLE_CODE = YES;
				CLANG_WARN__DUPLICATE_METHOD_MATCH = YES;
				COPY_PHASE_STRIP = NO;
				DEBUG_INFORMATION_FORMAT = "dwarf-with-dsym";
				ENABLE_NS_ASSERTIONS = NO;
				ENABLE_STRICT_OBJC_MSGSEND = YES;
				GCC_C_LANGUAGE_STANDARD = gnu11;
				GCC_NO_COMMON_BLOCKS = YES;
				GCC_WARN_64_TO_32_BIT_CONVERSION = YES;
				GCC_WARN_ABOUT_RETURN_TYPE = YES_ERROR;
				GCC_WARN_UNDECLARED_SELECTOR = YES;
				GCC_WARN_UNINITIALIZED_AUTOS = YES_AGGRESSIVE;
				GCC_WARN_UNUSED_FUNCTION = YES;
				GCC_WARN_UNUSED_VARIABLE = YES;
				IPHONEOS_DEPLOYMENT_TARGET = 16.4;
				MTL_ENABLE_DEBUG_INFO = NO;
				MTL_FAST_MATH = YES;
				SDKROOT = iphoneos;
				SWIFT_COMPILATION_MODE = wholemodule;
				SWIFT_OPTIMIZATION_LEVEL = "-O";
				VALIDATE_PRODUCT = YES;
			};
			name = Release;
		};
		0EE6B1962A29DB1F00EB054B /* Debug */ = {
			isa = XCBuildConfiguration;
			baseConfigurationReference = 8959F3C225EC0944CE0DD630 /* Pods-TestIOSSecuritySuite.debug.xcconfig */;
			buildSettings = {
				ASSETCATALOG_COMPILER_APPICON_NAME = AppIcon;
				ASSETCATALOG_COMPILER_GLOBAL_ACCENT_COLOR_NAME = AccentColor;
				CODE_SIGN_STYLE = Automatic;
				CURRENT_PROJECT_VERSION = 1;
				DEVELOPMENT_TEAM = 92YDTRVDUA;
				GENERATE_INFOPLIST_FILE = YES;
				INFOPLIST_FILE = TestIOSSecuritySuite/Info.plist;
				INFOPLIST_KEY_UIApplicationSupportsIndirectInputEvents = YES;
				INFOPLIST_KEY_UILaunchStoryboardName = LaunchScreen;
				INFOPLIST_KEY_UIMainStoryboardFile = "";
				INFOPLIST_KEY_UISupportedInterfaceOrientations_iPad = "UIInterfaceOrientationPortrait UIInterfaceOrientationPortraitUpsideDown UIInterfaceOrientationLandscapeLeft UIInterfaceOrientationLandscapeRight";
				INFOPLIST_KEY_UISupportedInterfaceOrientations_iPhone = "UIInterfaceOrientationPortrait UIInterfaceOrientationLandscapeLeft UIInterfaceOrientationLandscapeRight";
				LD_RUNPATH_SEARCH_PATHS = (
					"$(inherited)",
					"@executable_path/Frameworks",
				);
				MARKETING_VERSION = 1.0;
				PRODUCT_BUNDLE_IDENTIFIER = com.junha.TestIOSSecuritySuite;
				PRODUCT_NAME = "$(TARGET_NAME)";
				SWIFT_EMIT_LOC_STRINGS = YES;
				SWIFT_VERSION = 5.0;
				TARGETED_DEVICE_FAMILY = "1,2";
			};
			name = Debug;
		};
		0EE6B1972A29DB1F00EB054B /* Release */ = {
			isa = XCBuildConfiguration;
			baseConfigurationReference = 5B0F4019ADB0BA90B2E59B3E /* Pods-TestIOSSecuritySuite.release.xcconfig */;
			buildSettings = {
				ASSETCATALOG_COMPILER_APPICON_NAME = AppIcon;
				ASSETCATALOG_COMPILER_GLOBAL_ACCENT_COLOR_NAME = AccentColor;
				CODE_SIGN_STYLE = Automatic;
				CURRENT_PROJECT_VERSION = 1;
				DEVELOPMENT_TEAM = 92YDTRVDUA;
				GENERATE_INFOPLIST_FILE = YES;
				INFOPLIST_FILE = TestIOSSecuritySuite/Info.plist;
				INFOPLIST_KEY_UIApplicationSupportsIndirectInputEvents = YES;
				INFOPLIST_KEY_UILaunchStoryboardName = LaunchScreen;
				INFOPLIST_KEY_UIMainStoryboardFile = "";
				INFOPLIST_KEY_UISupportedInterfaceOrientations_iPad = "UIInterfaceOrientationPortrait UIInterfaceOrientationPortraitUpsideDown UIInterfaceOrientationLandscapeLeft UIInterfaceOrientationLandscapeRight";
				INFOPLIST_KEY_UISupportedInterfaceOrientations_iPhone = "UIInterfaceOrientationPortrait UIInterfaceOrientationLandscapeLeft UIInterfaceOrientationLandscapeRight";
				LD_RUNPATH_SEARCH_PATHS = (
					"$(inherited)",
					"@executable_path/Frameworks",
				);
				MARKETING_VERSION = 1.0;
				PRODUCT_BUNDLE_IDENTIFIER = com.junha.TestIOSSecuritySuite;
				PRODUCT_NAME = "$(TARGET_NAME)";
				SWIFT_EMIT_LOC_STRINGS = YES;
				SWIFT_VERSION = 5.0;
				TARGETED_DEVICE_FAMILY = "1,2";
			};
			name = Release;
		};
/* End XCBuildConfiguration section */

/* Begin XCConfigurationList section */
		0EE6B17C2A29DB1D00EB054B /* Build configuration list for PBXProject "TestIOSSecuritySuite" */ = {
			isa = XCConfigurationList;
			buildConfigurations = (
				0EE6B1932A29DB1F00EB054B /* Debug */,
				0EE6B1942A29DB1F00EB054B /* Release */,
			);
			defaultConfigurationIsVisible = 0;
			defaultConfigurationName = Release;
		};
		0EE6B1952A29DB1F00EB054B /* Build configuration list for PBXNativeTarget "TestIOSSecuritySuite" */ = {
			isa = XCConfigurationList;
			buildConfigurations = (
				0EE6B1962A29DB1F00EB054B /* Debug */,
				0EE6B1972A29DB1F00EB054B /* Release */,
			);
			defaultConfigurationIsVisible = 0;
			defaultConfigurationName = Release;
		};
/* End XCConfigurationList section */
	};
	rootObject = 0EE6B1792A29DB1D00EB054B /* Project object */;
}
